# This file is generated by running "yarn install" inside your project.
# Manual changes might be lost - proceed with caution!

__metadata:
  version: 8
  cacheKey: 10c0

"@types/node-fetch@npm:^2.6.4":
  version: 2.6.11
  resolution: "@types/node-fetch@npm:2.6.11"
  dependencies:
    "@types/node": "npm:*"
    form-data: "npm:^4.0.0"
  checksum: 10c0/5283d4e0bcc37a5b6d8e629aee880a4ffcfb33e089f4b903b2981b19c623972d1e64af7c3f9540ab990f0f5c89b9b5dda19c5bcb37a8e177079e93683bfd2f49
  languageName: node
  linkType: hard

"@types/node@npm:*":
  version: 22.7.5
  resolution: "@types/node@npm:22.7.5"
  dependencies:
    undici-types: "npm:~6.19.2"
  checksum: 10c0/cf11f74f1a26053ec58066616e3a8685b6bcd7259bc569738b8f752009f9f0f7f85a1b2d24908e5b0f752482d1e8b6babdf1fbb25758711ec7bb9500bfcd6e60
  languageName: node
  linkType: hard

"@types/node@npm:^18.11.18":
  version: 18.19.55
  resolution: "@types/node@npm:18.19.55"
  dependencies:
    undici-types: "npm:~5.26.4"
  checksum: 10c0/19ffeca0086b45cba08d4585623cd0d80fbacb659debde82a4baa008fc0c25ba6c21cd721f3a9f0be74f70940694b00458cac61c89f8b2a1e55ca4322a9aad2b
  languageName: node
  linkType: hard

"abort-controller@npm:^3.0.0":
  version: 3.0.0
  resolution: "abort-controller@npm:3.0.0"
  dependencies:
    event-target-shim: "npm:^5.0.0"
  checksum: 10c0/90ccc50f010250152509a344eb2e71977fbf8db0ab8f1061197e3275ddf6c61a41a6edfd7b9409c664513131dd96e962065415325ef23efa5db931b382d24ca5
  languageName: node
  linkType: hard

"agentkeepalive@npm:^4.2.1":
  version: 4.5.0
  resolution: "agentkeepalive@npm:4.5.0"
  dependencies:
    humanize-ms: "npm:^1.2.1"
  checksum: 10c0/394ea19f9710f230722996e156607f48fdf3a345133b0b1823244b7989426c16019a428b56c82d3eabef616e938812981d9009f4792ecc66bd6a59e991c62612
  languageName: node
  linkType: hard

"asynckit@npm:^0.4.0":
  version: 0.4.0
  resolution: "asynckit@npm:0.4.0"
  checksum: 10c0/d73e2ddf20c4eb9337e1b3df1a0f6159481050a5de457c55b14ea2e5cb6d90bb69e004c9af54737a5ee0917fcf2c9e25de67777bbe58261847846066ba75bc9d
  languageName: node
  linkType: hard

"combined-stream@npm:^1.0.8":
  version: 1.0.8
  resolution: "combined-stream@npm:1.0.8"
  dependencies:
    delayed-stream: "npm:~1.0.0"
  checksum: 10c0/0dbb829577e1b1e839fa82b40c07ffaf7de8a09b935cadd355a73652ae70a88b4320db322f6634a4ad93424292fa80973ac6480986247f1734a1137debf271d5
  languageName: node
  linkType: hard

"delayed-stream@npm:~1.0.0":
  version: 1.0.0
  resolution: "delayed-stream@npm:1.0.0"
  checksum: 10c0/d758899da03392e6712f042bec80aa293bbe9e9ff1b2634baae6a360113e708b91326594c8a486d475c69d6259afb7efacdc3537bfcda1c6c648e390ce601b19
  languageName: node
  linkType: hard

"event-target-shim@npm:^5.0.0":
  version: 5.0.1
  resolution: "event-target-shim@npm:5.0.1"
  checksum: 10c0/0255d9f936215fd206156fd4caa9e8d35e62075d720dc7d847e89b417e5e62cf1ce6c9b4e0a1633a9256de0efefaf9f8d26924b1f3c8620cffb9db78e7d3076b
  languageName: node
  linkType: hard

"form-data-encoder@npm:1.7.2":
  version: 1.7.2
  resolution: "form-data-encoder@npm:1.7.2"
  checksum: 10c0/56553768037b6d55d9de524f97fe70555f0e415e781cb56fc457a68263de3d40fadea2304d4beef2d40b1a851269bd7854e42c362107071892cb5238debe9464
  languageName: node
  linkType: hard

"form-data@npm:^4.0.0":
  version: 4.0.1
  resolution: "form-data@npm:4.0.1"
  dependencies:
    asynckit: "npm:^0.4.0"
    combined-stream: "npm:^1.0.8"
    mime-types: "npm:^2.1.12"
  checksum: 10c0/bb102d570be8592c23f4ea72d7df9daa50c7792eb0cf1c5d7e506c1706e7426a4e4ae48a35b109e91c85f1c0ec63774a21ae252b66f4eb981cb8efef7d0463c8
  languageName: node
  linkType: hard

"formdata-node@npm:^4.3.2":
  version: 4.4.1
  resolution: "formdata-node@npm:4.4.1"
  dependencies:
    node-domexception: "npm:1.0.0"
    web-streams-polyfill: "npm:4.0.0-beta.3"
  checksum: 10c0/74151e7b228ffb33b565cec69182694ad07cc3fdd9126a8240468bb70a8ba66e97e097072b60bcb08729b24c7ce3fd3e0bd7f1f80df6f9f662b9656786e76f6a
  languageName: node
  linkType: hard

"humanize-ms@npm:^1.2.1":
  version: 1.2.1
  resolution: "humanize-ms@npm:1.2.1"
  dependencies:
    ms: "npm:^2.0.0"
  checksum: 10c0/f34a2c20161d02303c2807badec2f3b49cbfbbb409abd4f95a07377ae01cfe6b59e3d15ac609cffcd8f2521f0eb37b7e1091acf65da99aa2a4f1ad63c21e7e7a
  languageName: node
  linkType: hard

"mime-db@npm:1.52.0":
  version: 1.52.0
  resolution: "mime-db@npm:1.52.0"
  checksum: 10c0/0557a01deebf45ac5f5777fe7740b2a5c309c6d62d40ceab4e23da9f821899ce7a900b7ac8157d4548ddbb7beffe9abc621250e6d182b0397ec7f10c7b91a5aa
  languageName: node
  linkType: hard

"mime-types@npm:^2.1.12":
  version: 2.1.35
  resolution: "mime-types@npm:2.1.35"
  dependencies:
    mime-db: "npm:1.52.0"
  checksum: 10c0/82fb07ec56d8ff1fc999a84f2f217aa46cb6ed1033fefaabd5785b9a974ed225c90dc72fff460259e66b95b73648596dbcc50d51ed69cdf464af2d237d3149b2
  languageName: node
  linkType: hard

"ms@npm:^2.0.0":
  version: 2.1.3
  resolution: "ms@npm:2.1.3"
  checksum: 10c0/d924b57e7312b3b63ad21fc5b3dc0af5e78d61a1fc7cfb5457edaf26326bf62be5307cc87ffb6862ef1c2b33b0233cdb5d4f01c4c958cc0d660948b65a287a48
  languageName: node
  linkType: hard

"node-domexception@npm:1.0.0":
  version: 1.0.0
  resolution: "node-domexception@npm:1.0.0"
  checksum: 10c0/5e5d63cda29856402df9472335af4bb13875e1927ad3be861dc5ebde38917aecbf9ae337923777af52a48c426b70148815e890a5d72760f1b4d758cc671b1a2b
  languageName: node
  linkType: hard

"node-fetch@npm:^2.6.7":
  version: 2.7.0
  resolution: "node-fetch@npm:2.7.0"
  dependencies:
    whatwg-url: "npm:^5.0.0"
  peerDependencies:
    encoding: ^0.1.0
  peerDependenciesMeta:
    encoding:
      optional: true
  checksum: 10c0/b55786b6028208e6fbe594ccccc213cab67a72899c9234eb59dba51062a299ea853210fcf526998eaa2867b0963ad72338824450905679ff0fa304b8c5093ae8
  languageName: node
  linkType: hard

"openai@npm:^4.67.3":
  version: 4.67.3
  resolution: "openai@npm:4.67.3"
  dependencies:
    "@types/node": "npm:^18.11.18"
    "@types/node-fetch": "npm:^2.6.4"
    abort-controller: "npm:^3.0.0"
    agentkeepalive: "npm:^4.2.1"
    form-data-encoder: "npm:1.7.2"
    formdata-node: "npm:^4.3.2"
    node-fetch: "npm:^2.6.7"
  peerDependencies:
    zod: ^3.23.8
  peerDependenciesMeta:
    zod:
      optional: true
  bin:
    openai: bin/cli
  checksum: 10c0/e52c0cbe774cec815023a83fe2058956f608d57546608459f033d4a1bfed6ca5b4b65385689857ed26bff904e21fb2b31ff206c31edf8af186f8811bc1052dfb
  languageName: node
  linkType: hard

"scripts@workspace:.":
  version: 0.0.0-use.local
  resolution: "scripts@workspace:."
  dependencies:
    openai: "npm:^4.67.3"
  languageName: unknown
  linkType: soft

"tr46@npm:~0.0.3":
  version: 0.0.3
  resolution: "tr46@npm:0.0.3"
  checksum: 10c0/047cb209a6b60c742f05c9d3ace8fa510bff609995c129a37ace03476a9b12db4dbf975e74600830ef0796e18882b2381fb5fb1f6b4f96b832c374de3ab91a11
  languageName: node
  linkType: hard

"undici-types@npm:~5.26.4":
  version: 5.26.5
  resolution: "undici-types@npm:5.26.5"
  checksum: 10c0/bb673d7876c2d411b6eb6c560e0c571eef4a01c1c19925175d16e3a30c4c428181fb8d7ae802a261f283e4166a0ac435e2f505743aa9e45d893f9a3df017b501
  languageName: node
  linkType: hard

"undici-types@npm:~6.19.2":
  version: 6.19.8
  resolution: "undici-types@npm:6.19.8"
  checksum: 10c0/078afa5990fba110f6824823ace86073b4638f1d5112ee26e790155f481f2a868cc3e0615505b6f4282bdf74a3d8caad715fd809e870c2bb0704e3ea6082f344
  languageName: node
  linkType: hard

"web-streams-polyfill@npm:4.0.0-beta.3":
  version: 4.0.0-beta.3
  resolution: "web-streams-polyfill@npm:4.0.0-beta.3"
  checksum: 10c0/a9596779db2766990117ed3a158e0b0e9f69b887a6d6ba0779940259e95f99dc3922e534acc3e5a117b5f5905300f527d6fbf8a9f0957faf1d8e585ce3452e8e
  languageName: node
  linkType: hard

"webidl-conversions@npm:^3.0.0":
  version: 3.0.1
  resolution: "webidl-conversions@npm:3.0.1"
  checksum: 10c0/5612d5f3e54760a797052eb4927f0ddc01383550f542ccd33d5238cfd65aeed392a45ad38364970d0a0f4fea32e1f4d231b3d8dac4a3bdd385e5cf802ae097db
  languageName: node
  linkType: hard

"whatwg-url@npm:^5.0.0":
  version: 5.0.0
  resolution: "whatwg-url@npm:5.0.0"
  dependencies:
    tr46: "npm:~0.0.3"
    webidl-conversions: "npm:^3.0.0"
  checksum: 10c0/1588bed84d10b72d5eec1d0faa0722ba1962f1821e7539c535558fb5398d223b0c50d8acab950b8c488b4ba69043fd833cc2697056b167d8ad46fac3995a55d5
  languageName: node
  linkType: hard
